
Microsoft Visual Studio Solution File, Format Version 12.00
# Visual Studio Version 17
VisualStudioVersion = 17.10.34607.79
MinimumVisualStudioVersion = 10.0.40219.1
Project("{2150E333-8FDC-42A3-9474-1A3956D46DE8}") = "src", "src", "{E667B8C7-4FB3-480A-825E-35E534B3D157}"
EndProject
Project("{2150E333-8FDC-42A3-9474-1A3956D46DE8}") = "test", "test", "{D96F0A15-37E6-45EF-BFE5-0AEF7C612C0D}"
EndProject
Project("{2150E333-8FDC-42A3-9474-1A3956D46DE8}") = "global", "global", "{5390B2B2-0899-4511-9C4E-9DBB8CEBDFEC}"
	ProjectSection(SolutionItems) = preProject
		.gitignore = .gitignore
		Directory.Build.props = Directory.Build.props
		Directory.Packages.props = Directory.Packages.props
		global.json = global.json
		nuget.config = nuget.config
		README.md = README.md
		version.json = version.json
	EndProjectSection
EndProject
Project("{2150E333-8FDC-42A3-9474-1A3956D46DE8}") = "docs", "docs", "{6C68022E-9084-4E97-80DB-4AC05C71B7B0}"
EndProject
Project("{9A19103F-16F7-4668-BE54-9A1E7A4F7556}") = "docs", "docs\docs.csproj", "{4729AF1C-AA25-4F09-BB96-1EF0EA49CE12}"
EndProject
Project("{9A19103F-16F7-4668-BE54-9A1E7A4F7556}") = "Benchmarks", "test\Benchmarks\Benchmarks.csproj", "{2AC02BF7-AEF3-4C7E-BB3C-87027FA01176}"
EndProject
Project("{2150E333-8FDC-42A3-9474-1A3956D46DE8}") = "Solution Items", "Solution Items", "{28087D49-51C3-42BB-AD5A-6E7F2C43BA18}"
	ProjectSection(SolutionItems) = preProject
		.editorconfig = .editorconfig
	EndProjectSection
EndProject
Project("{FAE04EC0-301F-11D3-BF4B-00C04F79EFBC}") = "TsavoriteCache", "src\TsavoriteCache\TsavoriteCache.csproj", "{5911DB47-874D-4B65-8F24-A4FBBD2E16BC}"
EndProject
Project("{FAE04EC0-301F-11D3-BF4B-00C04F79EFBC}") = "TsavoriteCache.AspNetCore", "src\TsavoriteCache.AspNetCore\TsavoriteCache.AspNetCore.csproj", "{84548B60-E223-4EDC-9449-2B6ECE73CCA4}"
EndProject
Project("{FAE04EC0-301F-11D3-BF4B-00C04F79EFBC}") = "TsavoriteCacheTests", "test\TsavoriteCacheTests\TsavoriteCacheTests.csproj", "{A5C38D80-E939-4E74-AB4E-8946EE1E3459}"
EndProject
Global
	GlobalSection(SolutionConfigurationPlatforms) = preSolution
		Debug|Any CPU = Debug|Any CPU
		Release|Any CPU = Release|Any CPU
	EndGlobalSection
	GlobalSection(ProjectConfigurationPlatforms) = postSolution
		{4729AF1C-AA25-4F09-BB96-1EF0EA49CE12}.Debug|Any CPU.ActiveCfg = Debug|Any CPU
		{4729AF1C-AA25-4F09-BB96-1EF0EA49CE12}.Debug|Any CPU.Build.0 = Debug|Any CPU
		{4729AF1C-AA25-4F09-BB96-1EF0EA49CE12}.Release|Any CPU.ActiveCfg = Release|Any CPU
		{4729AF1C-AA25-4F09-BB96-1EF0EA49CE12}.Release|Any CPU.Build.0 = Release|Any CPU
		{2AC02BF7-AEF3-4C7E-BB3C-87027FA01176}.Debug|Any CPU.ActiveCfg = Debug|Any CPU
		{2AC02BF7-AEF3-4C7E-BB3C-87027FA01176}.Debug|Any CPU.Build.0 = Debug|Any CPU
		{2AC02BF7-AEF3-4C7E-BB3C-87027FA01176}.Release|Any CPU.ActiveCfg = Release|Any CPU
		{2AC02BF7-AEF3-4C7E-BB3C-87027FA01176}.Release|Any CPU.Build.0 = Release|Any CPU
		{5911DB47-874D-4B65-8F24-A4FBBD2E16BC}.Debug|Any CPU.ActiveCfg = Debug|Any CPU
		{5911DB47-874D-4B65-8F24-A4FBBD2E16BC}.Debug|Any CPU.Build.0 = Debug|Any CPU
		{5911DB47-874D-4B65-8F24-A4FBBD2E16BC}.Release|Any CPU.ActiveCfg = Release|Any CPU
		{5911DB47-874D-4B65-8F24-A4FBBD2E16BC}.Release|Any CPU.Build.0 = Release|Any CPU
		{84548B60-E223-4EDC-9449-2B6ECE73CCA4}.Debug|Any CPU.ActiveCfg = Debug|Any CPU
		{84548B60-E223-4EDC-9449-2B6ECE73CCA4}.Debug|Any CPU.Build.0 = Debug|Any CPU
		{84548B60-E223-4EDC-9449-2B6ECE73CCA4}.Release|Any CPU.ActiveCfg = Release|Any CPU
		{84548B60-E223-4EDC-9449-2B6ECE73CCA4}.Release|Any CPU.Build.0 = Release|Any CPU
		{A5C38D80-E939-4E74-AB4E-8946EE1E3459}.Debug|Any CPU.ActiveCfg = Debug|Any CPU
		{A5C38D80-E939-4E74-AB4E-8946EE1E3459}.Debug|Any CPU.Build.0 = Debug|Any CPU
		{A5C38D80-E939-4E74-AB4E-8946EE1E3459}.Release|Any CPU.ActiveCfg = Release|Any CPU
		{A5C38D80-E939-4E74-AB4E-8946EE1E3459}.Release|Any CPU.Build.0 = Release|Any CPU
	EndGlobalSection
	GlobalSection(SolutionProperties) = preSolution
		HideSolutionNode = FALSE
	EndGlobalSection
	GlobalSection(NestedProjects) = preSolution
		{4729AF1C-AA25-4F09-BB96-1EF0EA49CE12} = {6C68022E-9084-4E97-80DB-4AC05C71B7B0}
		{2AC02BF7-AEF3-4C7E-BB3C-87027FA01176} = {D96F0A15-37E6-45EF-BFE5-0AEF7C612C0D}
		{5911DB47-874D-4B65-8F24-A4FBBD2E16BC} = {E667B8C7-4FB3-480A-825E-35E534B3D157}
		{84548B60-E223-4EDC-9449-2B6ECE73CCA4} = {E667B8C7-4FB3-480A-825E-35E534B3D157}
		{A5C38D80-E939-4E74-AB4E-8946EE1E3459} = {D96F0A15-37E6-45EF-BFE5-0AEF7C612C0D}
	EndGlobalSection
	GlobalSection(ExtensibilityGlobals) = postSolution
		SolutionGuid = {9AE46496-6510-4618-A4BD-C1EA7CE672C2}
	EndGlobalSection
EndGlobal
